
Microsoft Visual Studio Solution File, Format Version 12.00
# Visual Studio Version 17
VisualStudioVersion = 17.11.35431.28
MinimumVisualStudioVersion = 10.0.40219.1
Project("{FAE04EC0-301F-11D3-BF4B-00C04F79EFBC}") = "Tare1(ProgramacionII)", "Tare1(ProgramacionII)\Tare1(ProgramacionII).csproj", "{C9635CE5-88AA-4989-B67D-47A887B36FF7}"
EndProject
Global
	GlobalSection(SolutionConfigurationPlatforms) = preSolution
		Debug|Any CPU = Debug|Any CPU
		Release|Any CPU = Release|Any CPU
	EndGlobalSection
	GlobalSection(ProjectConfigurationPlatforms) = postSolution
		{C9635CE5-88AA-4989-B67D-47A887B36FF7}.Debug|Any CPU.ActiveCfg = Debug|Any CPU
		{C9635CE5-88AA-4989-B67D-47A887B36FF7}.Debug|Any CPU.Build.0 = Debug|Any CPU
		{C9635CE5-88AA-4989-B67D-47A887B36FF7}.Release|Any CPU.ActiveCfg = Release|Any CPU
		{C9635CE5-88AA-4989-B67D-47A887B36FF7}.Release|Any CPU.Build.0 = Release|Any CPU
	EndGlobalSection
	GlobalSection(SolutionProperties) = preSolution
		HideSolutionNode = FALSE
	EndGlobalSection
	GlobalSection(ExtensibilityGlobals) = postSolution
		SolutionGuid = {E9C4D9E8-32AC-4CF4-BDC9-D74078C802F1}
	EndGlobalSection
EndGlobal
